
Microsoft Visual Studio Solution File, Format Version 12.00
# Visual Studio Version 17
VisualStudioVersion = 17.14.36408.4
MinimumVisualStudioVersion = 10.0.40219.1
Project("{FAE04EC0-301F-11D3-BF4B-00C04F79EFBC}") = "Desktop", "Desktop\Desktop.csproj", "{30EFED26-81E8-4FB4-91C6-679F7BAABEAD}"
EndProject
Project("{FAE04EC0-301F-11D3-BF4B-00C04F79EFBC}") = "Todo.Entities", "Todo.Entities\Todo.Entities.csproj", "{883BC398-0CFC-4FE1-892C-322F08DF6271}"
EndProject
Global
	GlobalSection(SolutionConfigurationPlatforms) = preSolution
		Debug|Any CPU = Debug|Any CPU
		Release|Any CPU = Release|Any CPU
	EndGlobalSection
	GlobalSection(ProjectConfigurationPlatforms) = postSolution
		{30EFED26-81E8-4FB4-91C6-679F7BAABEAD}.Debug|Any CPU.ActiveCfg = Debug|Any CPU
		{30EFED26-81E8-4FB4-91C6-679F7BAABEAD}.Debug|Any CPU.Build.0 = Debug|Any CPU
		{30EFED26-81E8-4FB4-91C6-679F7BAABEAD}.Release|Any CPU.ActiveCfg = Release|Any CPU
		{30EFED26-81E8-4FB4-91C6-679F7BAABEAD}.Release|Any CPU.Build.0 = Release|Any CPU
		{883BC398-0CFC-4FE1-892C-322F08DF6271}.Debug|Any CPU.ActiveCfg = Debug|Any CPU
		{883BC398-0CFC-4FE1-892C-322F08DF6271}.Debug|Any CPU.Build.0 = Debug|Any CPU
		{883BC398-0CFC-4FE1-892C-322F08DF6271}.Release|Any CPU.ActiveCfg = Release|Any CPU
		{883BC398-0CFC-4FE1-892C-322F08DF6271}.Release|Any CPU.Build.0 = Release|Any CPU
	EndGlobalSection
	GlobalSection(SolutionProperties) = preSolution
		HideSolutionNode = FALSE
	EndGlobalSection
	GlobalSection(ExtensibilityGlobals) = postSolution
		SolutionGuid = {D06A5AE0-E23D-4125-B0F7-278CDAAF7E5E}
	EndGlobalSection
EndGlobal
